<?xml version="1.0" encoding="utf-8"?>
<Project ToolsVersion="4.0" xmlns="http://schemas.microsoft.com/developer/msbuild/2003">
  <ItemGroup>
    <ClInclude Include="HWCL\vm\vm.h">
      <Filter>vm</Filter>
    </ClInclude>
    <ClInclude Include="HWCL\vm\context.h">
      <Filter>vm</Filter>
    </ClInclude>
    <ClInclude Include="HWCL\vm\process.h">
      <Filter>vm</Filter>
    </ClInclude>
    <ClInclude Include="HWCL\program\instruction.h">
      <Filter>program</Filter>
    </ClInclude>
    <ClInclude Include="HWCL\program\program.h">
      <Filter>program</Filter>
    </ClInclude>
    <ClInclude Include="HWCL\stdafx.h" />
    <ClInclude Include="HWCL\parser\parser.h">
      <Filter>parser</Filter>
    </ClInclude>
    <ClInclude Include="HWCL\program\cached_program.h">
      <Filter>program</Filter>
    </ClInclude>
    <ClInclude Include="HWCL\vm\process_handler.h">
      <Filter>vm</Filter>
    </ClInclude>
    <ClInclude Include="HWCL\translator\translator.h">
      <Filter>translator</Filter>
    </ClInclude>
    <ClInclude Include="HWCL\program\instructions\set.h">
      <Filter>program\instructions</Filter>
    </ClInclude>
    <ClInclude Include="HWCL\program\instructions\calculate.h">
      <Filter>program\instructions</Filter>
    </ClInclude>
    <ClInclude Include="HWCL\program\instructions.h">
      <Filter>program</Filter>
    </ClInclude>
    <ClInclude Include="HWCL\vm\types\type.h">
      <Filter>vm\types</Filter>
    </ClInclude>
    <ClInclude Include="HWCL\program\instructions\sequence.h">
      <Filter>program\instructions</Filter>
    </ClInclude>
    <ClInclude Include="HWCL\program\instructions\external.h">
      <Filter>program\instructions</Filter>
    </ClInclude>
    <ClInclude Include="HWCL\program\instructions\local.h">
      <Filter>program\instructions</Filter>
    </ClInclude>
    <ClInclude Include="HWCL\program\instructions\phase.h">
      <Filter>program\instructions</Filter>
    </ClInclude>
    <ClInclude Include="HWCL\program\instructions\step.h">
      <Filter>program\instructions</Filter>
    </ClInclude>
    <ClInclude Include="HWCL\program\instructions\label.h">
      <Filter>program\instructions</Filter>
    </ClInclude>
    <ClInclude Include="HWCL\program\instructions\condition.h">
      <Filter>program\instructions</Filter>
    </ClInclude>
    <ClInclude Include="HWCL\program\instructions\jump.h">
      <Filter>program\instructions</Filter>
    </ClInclude>
    <ClInclude Include="HWCL\program\instructions\nop.h">
      <Filter>program\instructions</Filter>
    </ClInclude>
    <ClInclude Include="HWCL\program\instructions\send.h">
      <Filter>program\instructions</Filter>
    </ClInclude>
    <ClInclude Include="HWCL\program\instructions\end.h">
      <Filter>program\instructions</Filter>
    </ClInclude>
    <ClInclude Include="HWCL\program\instructions\composite.h">
      <Filter>program\instructions</Filter>
    </ClInclude>
    <ClInclude Include="HWCL\particular\export_header.h" />
    <ClInclude Include="header.h" />
    <ClInclude Include="HWCL\program\instructions\read.h">
      <Filter>program\instructions</Filter>
    </ClInclude>
    <ClInclude Include="HWCL\vm\types\pointer.h">
      <Filter>vm\src</Filter>
    </ClInclude>
    <ClInclude Include="HWCL\vm\types\pointer.hpp">
      <Filter>vm\src</Filter>
    </ClInclude>
    <ClInclude Include="HWCL\vm\types\pointer_var_type.h">
      <Filter>vm\src</Filter>
    </ClInclude>
    <ClInclude Include="HWCL\algebra\calculator_interface.h">
      <Filter>algebra</Filter>
    </ClInclude>
    <ClInclude Include="HWCL\algebra\calculator\calculator.h">
      <Filter>algebra\calculator</Filter>
    </ClInclude>
    <ClInclude Include="HWCL\algebra\calculator\tree.h">
      <Filter>algebra\calculator</Filter>
    </ClInclude>
    <ClInclude Include="HWCL\algebra\calculator_interface.hpp">
      <Filter>algebra</Filter>
    </ClInclude>
    <ClInclude Include="HWCL\algebra\token_queue.h">
      <Filter>algebra</Filter>
    </ClInclude>
    <ClInclude Include="HWCL\algebra\comparator\comparator.h">
      <Filter>algebra\comparator</Filter>
    </ClInclude>
    <ClInclude Include="HWCL\vm\context.hpp">
      <Filter>vm\src</Filter>
    </ClInclude>
    <ClInclude Include="HWCL\parser\string_utils.h">
      <Filter>parser</Filter>
    </ClInclude>
    <ClInclude Include="HWCL\particular\import_center\import_center.h">
      <Filter>particular\import</Filter>
    </ClInclude>
    <ClInclude Include="HWCL\particular\import_center\param.h">
      <Filter>particular\import</Filter>
    </ClInclude>
    <ClInclude Include="HWCL\particular\control_center\control_center.h">
      <Filter>particular\control</Filter>
    </ClInclude>
    <ClInclude Include="HWCL\particular\control_center\program.h">
      <Filter>particular\control</Filter>
    </ClInclude>
    <ClInclude Include="HWCL\particular\control_center\process.h">
      <Filter>particular\control</Filter>
    </ClInclude>
    <ClInclude Include="HWCL\particular\particular_vm.h">
      <Filter>particular</Filter>
    </ClInclude>
    <ClInclude Include="HWCL\particular\export_callbacks.h">
      <Filter>particular\deprecated</Filter>
    </ClInclude>
    <ClInclude Include="HWCL\particular\process_handle.h">
      <Filter>particular\deprecated</Filter>
    </ClInclude>
    <ClInclude Include="HWCL\particular\program_handle.h">
      <Filter>particular\deprecated</Filter>
    </ClInclude>
    <ClInclude Include="HWCL\particular\remote_handle.h">
      <Filter>particular\deprecated</Filter>
    </ClInclude>
    <ClInclude Include="HWCL\particular\import_callbacks.h">
      <Filter>particular\deprecated</Filter>
    </ClInclude>
    <ClInclude Include="HWCL\particular\import_center\string_param.h">
      <Filter>particular\import</Filter>
    </ClInclude>
    <ClInclude Include="HWCL\particular\box.h">
      <Filter>particular</Filter>
    </ClInclude>
    <ClInclude Include="HWCL\translator\constructor.h">
      <Filter>translator</Filter>
    </ClInclude>
    <ClInclude Include="HWCL\translator\fabric.h">
      <Filter>translator</Filter>
    </ClInclude>
    <ClInclude Include="HWCL\program\instructions\wait.h">
      <Filter>program\instructions</Filter>
    </ClInclude>
    <ClInclude Include="HWCL\translator\get_type_pos.h">
      <Filter>translator</Filter>
    </ClInclude>
    <ClInclude Include="HWCL\translator\translator_types.h">
      <Filter>translator</Filter>
    </ClInclude>
  </ItemGroup>
  <ItemGroup>
    <Filter Include="vm">
      <UniqueIdentifier>{8d7ede8e-22ae-459f-922f-41c3b8c6d577}</UniqueIdentifier>
    </Filter>
    <Filter Include="program">
      <UniqueIdentifier>{7041c4c1-59d9-481c-a25e-1848b515584b}</UniqueIdentifier>
    </Filter>
    <Filter Include="parser">
      <UniqueIdentifier>{02121ecb-c313-4825-b31e-168897a35ff5}</UniqueIdentifier>
    </Filter>
    <Filter Include="parser\src">
      <UniqueIdentifier>{d36433be-a213-4974-acd8-fec4b696f797}</UniqueIdentifier>
    </Filter>
    <Filter Include="vm\src">
      <UniqueIdentifier>{72e8bde1-9810-4b2c-b926-d9c73ae2bd7a}</UniqueIdentifier>
    </Filter>
    <Filter Include="translator">
      <UniqueIdentifier>{25aef029-3b73-4522-a4b1-ae6576c75491}</UniqueIdentifier>
    </Filter>
    <Filter Include="program\instructions">
      <UniqueIdentifier>{ffea7e45-a7b0-4b65-8aa1-c44124f086a7}</UniqueIdentifier>
    </Filter>
    <Filter Include="program\instructions\src">
      <UniqueIdentifier>{3ebefaf3-2865-4294-bdfe-e7290c5ce458}</UniqueIdentifier>
    </Filter>
    <Filter Include="vm\types">
      <UniqueIdentifier>{76ad3b9a-6033-477e-98b4-73ad48a7227d}</UniqueIdentifier>
    </Filter>
    <Filter Include="particular">
      <UniqueIdentifier>{1fc4aa26-51dc-49e8-b4c1-1cc20d42ecd8}</UniqueIdentifier>
    </Filter>
    <Filter Include="algebra">
      <UniqueIdentifier>{90029b79-e16a-427d-bd93-d9b2ba0091d1}</UniqueIdentifier>
    </Filter>
    <Filter Include="algebra\calculator">
      <UniqueIdentifier>{139e8f6e-f2fd-4a6d-9e6e-15f029d730b8}</UniqueIdentifier>
    </Filter>
    <Filter Include="algebra\comparator">
      <UniqueIdentifier>{d9d61b40-aa54-4783-a61b-753d389918e4}</UniqueIdentifier>
    </Filter>
    <Filter Include="particular\import">
      <UniqueIdentifier>{fc173e17-1887-4937-8a88-70464417f7a9}</UniqueIdentifier>
    </Filter>
    <Filter Include="particular\control">
      <UniqueIdentifier>{9c01aae5-4914-4256-b2b9-93e47dd4932b}</UniqueIdentifier>
    </Filter>
    <Filter Include="particular\deprecated">
      <UniqueIdentifier>{911f4698-95a8-4871-866d-80d10708bde2}</UniqueIdentifier>
    </Filter>
    <Filter Include="particular\deprecated\src">
      <UniqueIdentifier>{0d7b77ce-8f90-4009-a8e2-62113ca82004}</UniqueIdentifier>
    </Filter>
  </ItemGroup>
  <ItemGroup>
    <ClCompile Include="HWCL\main.cpp" />
    <ClCompile Include="HWCL\parser\parser.cpp">
      <Filter>parser\src</Filter>
    </ClCompile>
    <ClCompile Include="HWCL\program\cached_program.cpp">
      <Filter>program</Filter>
    </ClCompile>
    <ClCompile Include="HWCL\vm\process.cpp">
      <Filter>vm</Filter>
    </ClCompile>
    <ClCompile Include="HWCL\vm\process_handler.cpp">
      <Filter>vm\src</Filter>
    </ClCompile>
    <ClCompile Include="HWCL\vm\vm.cpp">
      <Filter>vm\src</Filter>
    </ClCompile>
    <ClCompile Include="HWCL\program\instruction.cpp">
      <Filter>program</Filter>
    </ClCompile>
    <ClCompile Include="HWCL\translator\translator.cpp">
      <Filter>translator</Filter>
    </ClCompile>
    <ClCompile Include="HWCL\program\instructions\set.cpp">
      <Filter>program\instructions\src</Filter>
    </ClCompile>
    <ClCompile Include="HWCL\program\program.cpp">
      <Filter>program</Filter>
    </ClCompile>
    <ClCompile Include="HWCL\program\instructions\condition.cpp">
      <Filter>program\instructions\src</Filter>
    </ClCompile>
    <ClCompile Include="HWCL\program\instructions\external.cpp">
      <Filter>program\instructions\src</Filter>
    </ClCompile>
    <ClCompile Include="HWCL\program\instructions\jump.cpp">
      <Filter>program\instructions\src</Filter>
    </ClCompile>
    <ClCompile Include="HWCL\program\instructions\label.cpp">
      <Filter>program\instructions\src</Filter>
    </ClCompile>
    <ClCompile Include="HWCL\program\instructions\local.cpp">
      <Filter>program\instructions\src</Filter>
    </ClCompile>
    <ClCompile Include="HWCL\program\instructions\phase.cpp">
      <Filter>program\instructions\src</Filter>
    </ClCompile>
    <ClCompile Include="HWCL\program\instructions\sequence.cpp">
      <Filter>program\instructions\src</Filter>
    </ClCompile>
    <ClCompile Include="HWCL\program\instructions\step.cpp">
      <Filter>program\instructions\src</Filter>
    </ClCompile>
    <ClCompile Include="HWCL\program\instructions\nop.cpp">
      <Filter>program\instructions\src</Filter>
    </ClCompile>
    <ClCompile Include="HWCL\program\instructions\send.cpp">
      <Filter>program\instructions\src</Filter>
    </ClCompile>
    <ClCompile Include="HWCL\program\instructions\end.cpp">
      <Filter>program\instructions\src</Filter>
    </ClCompile>
    <ClCompile Include="HWCL\program\instructions\calculate.cpp">
      <Filter>program\instructions\src</Filter>
    </ClCompile>
    <ClCompile Include="HWCL\stdafx.cpp" />
    <ClCompile Include="HWCL\program\instructions\read.cpp">
      <Filter>program\instructions\src</Filter>
    </ClCompile>
    <ClCompile Include="HWCL\vm\types\pointer.cpp">
      <Filter>vm\src</Filter>
    </ClCompile>
    <ClCompile Include="HWCL\algebra\calculator\calculator.cpp">
      <Filter>algebra\calculator</Filter>
    </ClCompile>
    <ClCompile Include="HWCL\algebra\calculator\prepare_queue.cpp">
      <Filter>algebra\calculator</Filter>
    </ClCompile>
    <ClCompile Include="HWCL\algebra\calculator\reverse_polish.cpp">
      <Filter>algebra\calculator</Filter>
    </ClCompile>
    <ClCompile Include="HWCL\algebra\calculator\tree.cpp">
      <Filter>algebra\calculator</Filter>
    </ClCompile>
    <ClCompile Include="HWCL\algebra\token_queue.cpp">
      <Filter>algebra</Filter>
    </ClCompile>
    <ClCompile Include="HWCL\algebra\comparator\comparator.cpp">
      <Filter>algebra\comparator</Filter>
    </ClCompile>
    <ClCompile Include="HWCL\vm\context.cpp">
      <Filter>vm\src</Filter>
    </ClCompile>
    <ClCompile Include="HWCL\parser\string_utils.cpp">
      <Filter>parser</Filter>
    </ClCompile>
    <ClCompile Include="HWCL\particular\import_callbacks.cpp">
      <Filter>particular\deprecated\src</Filter>
    </ClCompile>
    <ClCompile Include="HWCL\particular\export_callbacks.cpp">
      <Filter>particular\deprecated\src</Filter>
    </ClCompile>
    <ClCompile Include="HWCL\particular\import_center\import_center.cpp">
      <Filter>particular\import</Filter>
    </ClCompile>
    <ClCompile Include="HWCL\particular\control_center\control_center.cpp">
      <Filter>particular\control</Filter>
    </ClCompile>
    <ClCompile Include="HWCL\particular\particular_vm.cpp">
      <Filter>particular</Filter>
    </ClCompile>
    <ClCompile Include="HWCL\particular\control_center\cc_program.cpp">
      <Filter>particular\control</Filter>
    </ClCompile>
    <ClCompile Include="HWCL\particular\control_center\cc_process.cpp">
      <Filter>particular\control</Filter>
    </ClCompile>
    <ClCompile Include="HWCL\program\instructions\composite.cpp">
      <Filter>program\instructions\src</Filter>
    </ClCompile>
    <ClCompile Include="HWCL\particular\box.cpp">
      <Filter>particular</Filter>
    </ClCompile>
    <ClCompile Include="HWCL\program\instructions\wait.cpp">
      <Filter>program\instructions\src</Filter>
    </ClCompile>
  </ItemGroup>
</Project>