<?xml version="1.0" encoding="utf-8"?>
<Project ToolsVersion="4.0" xmlns="http://schemas.microsoft.com/developer/msbuild/2003">
  <ItemGroup>
    <ClInclude Include="HWCL\vm\vm.h">
      <Filter>vm</Filter>
    </ClInclude>
    <ClInclude Include="HWCL\vm\context.h">
      <Filter>vm</Filter>
    </ClInclude>
    <ClInclude Include="HWCL\vm\process.h">
      <Filter>vm</Filter>
    </ClInclude>
    <ClInclude Include="HWCL\program\instruction.h">
      <Filter>program</Filter>
    </ClInclude>
    <ClInclude Include="HWCL\program\program.h">
      <Filter>program</Filter>
    </ClInclude>
    <ClInclude Include="HWCL\stdafx.h" />
  </ItemGroup>
  <ItemGroup>
    <Filter Include="vm">
      <UniqueIdentifier>{8d7ede8e-22ae-459f-922f-41c3b8c6d577}</UniqueIdentifier>
    </Filter>
    <Filter Include="program">
      <UniqueIdentifier>{7041c4c1-59d9-481c-a25e-1848b515584b}</UniqueIdentifier>
    </Filter>
  </ItemGroup>
</Project>